
Microsoft Visual Studio Solution File, Format Version 9.00
# Visual Studio 2005
Project("{FAE04EC0-301F-11D3-BF4B-00C04F79EFBC}") = "TibiaAPI", "tibiaapi\TibiaAPI.csproj", "{4D132EB7-B97D-461D-85CF-949FF5A7BA96}"
EndProject
Project("{FAE04EC0-301F-11D3-BF4B-00C04F79EFBC}") = "SmartPacketAnalyzer", "apps\Packet Analyzer\SmartPacketAnalyzer.csproj", "{2A009948-2971-4527-B16C-03C2D73855F9}"
EndProject
Project("{FAE04EC0-301F-11D3-BF4B-00C04F79EFBC}") = "SmartIPChanger", "apps\Smart IPChanger\SmartIPChanger.csproj", "{E0ED1D32-CB91-45EA-A5A5-F846B1D35939}"
EndProject
Project("{FAE04EC0-301F-11D3-BF4B-00C04F79EFBC}") = "SmartRunemaker", "apps\Smart Runemaker\SmartRunemaker.csproj", "{00E7EE05-7923-400E-98D8-2F8A59EC3E6D}"
EndProject
Global
	GlobalSection(SolutionConfigurationPlatforms) = preSolution
		Debug|Any CPU = Debug|Any CPU
		Release|Any CPU = Release|Any CPU
	EndGlobalSection
	GlobalSection(ProjectConfigurationPlatforms) = postSolution
		{4D132EB7-B97D-461D-85CF-949FF5A7BA96}.Debug|Any CPU.ActiveCfg = Debug|Any CPU
		{4D132EB7-B97D-461D-85CF-949FF5A7BA96}.Debug|Any CPU.Build.0 = Debug|Any CPU
		{4D132EB7-B97D-461D-85CF-949FF5A7BA96}.Release|Any CPU.ActiveCfg = Release|Any CPU
		{4D132EB7-B97D-461D-85CF-949FF5A7BA96}.Release|Any CPU.Build.0 = Release|Any CPU
		{2A009948-2971-4527-B16C-03C2D73855F9}.Debug|Any CPU.ActiveCfg = Debug|Any CPU
		{2A009948-2971-4527-B16C-03C2D73855F9}.Debug|Any CPU.Build.0 = Debug|Any CPU
		{2A009948-2971-4527-B16C-03C2D73855F9}.Release|Any CPU.ActiveCfg = Release|Any CPU
		{2A009948-2971-4527-B16C-03C2D73855F9}.Release|Any CPU.Build.0 = Release|Any CPU
		{E0ED1D32-CB91-45EA-A5A5-F846B1D35939}.Debug|Any CPU.ActiveCfg = Debug|Any CPU
		{E0ED1D32-CB91-45EA-A5A5-F846B1D35939}.Debug|Any CPU.Build.0 = Debug|Any CPU
		{E0ED1D32-CB91-45EA-A5A5-F846B1D35939}.Release|Any CPU.ActiveCfg = Release|Any CPU
		{E0ED1D32-CB91-45EA-A5A5-F846B1D35939}.Release|Any CPU.Build.0 = Release|Any CPU
		{00E7EE05-7923-400E-98D8-2F8A59EC3E6D}.Debug|Any CPU.ActiveCfg = Debug|Any CPU
		{00E7EE05-7923-400E-98D8-2F8A59EC3E6D}.Debug|Any CPU.Build.0 = Debug|Any CPU
		{00E7EE05-7923-400E-98D8-2F8A59EC3E6D}.Release|Any CPU.ActiveCfg = Release|Any CPU
		{00E7EE05-7923-400E-98D8-2F8A59EC3E6D}.Release|Any CPU.Build.0 = Release|Any CPU
	EndGlobalSection
	GlobalSection(SolutionProperties) = preSolution
		HideSolutionNode = FALSE
	EndGlobalSection
EndGlobal
